
Microsoft Visual Studio Solution File, Format Version 12.00
# Visual Studio 15
VisualStudioVersion = 15.0.26430.16
MinimumVisualStudioVersion = 10.0.40219.1
Project("{FAE04EC0-301F-11D3-BF4B-00C04F79EFBC}") = "DrawHelper", "DrawHelper\DrawHelper.csproj", "{DD0350CC-1A89-47E5-9519-286E3803300A}"
EndProject
Project("{FAE04EC0-301F-11D3-BF4B-00C04F79EFBC}") = "BilibiliDrawBoardHelper", "BilibiliDrawBoardHelper\BilibiliDrawBoardHelper.csproj", "{F93CFB33-1FFE-4330-882F-BB265DFBCC4F}"
EndProject
Global
	GlobalSection(SolutionConfigurationPlatforms) = preSolution
		Debug|Any CPU = Debug|Any CPU
		Release|Any CPU = Release|Any CPU
	EndGlobalSection
	GlobalSection(ProjectConfigurationPlatforms) = postSolution
		{DD0350CC-1A89-47E5-9519-286E3803300A}.Debug|Any CPU.ActiveCfg = Debug|Any CPU
		{DD0350CC-1A89-47E5-9519-286E3803300A}.Debug|Any CPU.Build.0 = Debug|Any CPU
		{DD0350CC-1A89-47E5-9519-286E3803300A}.Release|Any CPU.ActiveCfg = Release|Any CPU
		{DD0350CC-1A89-47E5-9519-286E3803300A}.Release|Any CPU.Build.0 = Release|Any CPU
		{F93CFB33-1FFE-4330-882F-BB265DFBCC4F}.Debug|Any CPU.ActiveCfg = Debug|Any CPU
		{F93CFB33-1FFE-4330-882F-BB265DFBCC4F}.Debug|Any CPU.Build.0 = Debug|Any CPU
		{F93CFB33-1FFE-4330-882F-BB265DFBCC4F}.Release|Any CPU.ActiveCfg = Release|Any CPU
		{F93CFB33-1FFE-4330-882F-BB265DFBCC4F}.Release|Any CPU.Build.0 = Release|Any CPU
	EndGlobalSection
	GlobalSection(SolutionProperties) = preSolution
		HideSolutionNode = FALSE
	EndGlobalSection
EndGlobal
